
Microsoft Visual Studio Solution File, Format Version 12.00
# Visual Studio 15
Project("{FAE04EC0-301F-11D3-BF4B-00C04F79EFBC}") = "spine-unity-examples", "spine-unity-examples.csproj", "{D745EC88-6ECD-5440-4D49-2EE8E4347407}"
EndProject
Project("{FAE04EC0-301F-11D3-BF4B-00C04F79EFBC}") = "spine-unity", "spine-unity.csproj", "{58E63913-A870-27DE-27B9-A4C9F848384E}"
EndProject
Project("{FAE04EC0-301F-11D3-BF4B-00C04F79EFBC}") = "Assembly-CSharp", "Assembly-CSharp.csproj", "{B9BD390D-6F62-BD29-88AC-9085CA9916E1}"
EndProject
Project("{FAE04EC0-301F-11D3-BF4B-00C04F79EFBC}") = "spine-unity-editor", "spine-unity-editor.csproj", "{4638AA21-B363-106E-08B7-BA3964EAA07D}"
EndProject
Project("{FAE04EC0-301F-11D3-BF4B-00C04F79EFBC}") = "spine-unity-examples-editor", "spine-unity-examples-editor.csproj", "{23FA3DC5-2167-781E-E137-27C164E5A04A}"
EndProject
Global
	GlobalSection(SolutionConfigurationPlatforms) = preSolution
		Debug|Any CPU = Debug|Any CPU
		Release|Any CPU = Release|Any CPU
	EndGlobalSection
	GlobalSection(ProjectConfigurationPlatforms) = postSolution
		{D745EC88-6ECD-5440-4D49-2EE8E4347407}.Debug|Any CPU.ActiveCfg = Debug|Any CPU
		{D745EC88-6ECD-5440-4D49-2EE8E4347407}.Debug|Any CPU.Build.0 = Debug|Any CPU
		{D745EC88-6ECD-5440-4D49-2EE8E4347407}.Release|Any CPU.ActiveCfg = Release|Any CPU
		{D745EC88-6ECD-5440-4D49-2EE8E4347407}.Release|Any CPU.Build.0 = Release|Any CPU
		{58E63913-A870-27DE-27B9-A4C9F848384E}.Debug|Any CPU.ActiveCfg = Debug|Any CPU
		{58E63913-A870-27DE-27B9-A4C9F848384E}.Debug|Any CPU.Build.0 = Debug|Any CPU
		{58E63913-A870-27DE-27B9-A4C9F848384E}.Release|Any CPU.ActiveCfg = Release|Any CPU
		{58E63913-A870-27DE-27B9-A4C9F848384E}.Release|Any CPU.Build.0 = Release|Any CPU
		{B9BD390D-6F62-BD29-88AC-9085CA9916E1}.Debug|Any CPU.ActiveCfg = Debug|Any CPU
		{B9BD390D-6F62-BD29-88AC-9085CA9916E1}.Debug|Any CPU.Build.0 = Debug|Any CPU
		{B9BD390D-6F62-BD29-88AC-9085CA9916E1}.Release|Any CPU.ActiveCfg = Release|Any CPU
		{B9BD390D-6F62-BD29-88AC-9085CA9916E1}.Release|Any CPU.Build.0 = Release|Any CPU
		{4638AA21-B363-106E-08B7-BA3964EAA07D}.Debug|Any CPU.ActiveCfg = Debug|Any CPU
		{4638AA21-B363-106E-08B7-BA3964EAA07D}.Debug|Any CPU.Build.0 = Debug|Any CPU
		{4638AA21-B363-106E-08B7-BA3964EAA07D}.Release|Any CPU.ActiveCfg = Release|Any CPU
		{4638AA21-B363-106E-08B7-BA3964EAA07D}.Release|Any CPU.Build.0 = Release|Any CPU
		{23FA3DC5-2167-781E-E137-27C164E5A04A}.Debug|Any CPU.ActiveCfg = Debug|Any CPU
		{23FA3DC5-2167-781E-E137-27C164E5A04A}.Debug|Any CPU.Build.0 = Debug|Any CPU
		{23FA3DC5-2167-781E-E137-27C164E5A04A}.Release|Any CPU.ActiveCfg = Release|Any CPU
		{23FA3DC5-2167-781E-E137-27C164E5A04A}.Release|Any CPU.Build.0 = Release|Any CPU
	EndGlobalSection
	GlobalSection(SolutionProperties) = preSolution
		HideSolutionNode = FALSE
	EndGlobalSection
EndGlobal
